// !$*UTF8*$!
{
	archiveVersion = 1;
	classes = {
	};
	objectVersion = 56;
	objects = {

/* Begin PBXBuildFile section */
		95F47F7D2B77E8B5008666AE /* C4C_DemoApp.swift in Sources */ = {isa = PBXBuildFile; fileRef = 95F47F7C2B77E8B5008666AE /* C4C_DemoApp.swift */; };
		95F47F7F2B77E8B5008666AE /* ContentView.swift in Sources */ = {isa = PBXBuildFile; fileRef = 95F47F7E2B77E8B5008666AE /* ContentView.swift */; };
		95F47F812B77E8D9008666AE /* Assets.xcassets in Resources */ = {isa = PBXBuildFile; fileRef = 95F47F802B77E8D9008666AE /* Assets.xcassets */; };
		95F47F842B77E8D9008666AE /* Preview Assets.xcassets in Resources */ = {isa = PBXBuildFile; fileRef = 95F47F832B77E8D9008666AE /* Preview Assets.xcassets */; };
		95F47F8E2B77E9B9008666AE /* MapView.swift in Sources */ = {isa = PBXBuildFile; fileRef = 95F47F8D2B77E9B9008666AE /* MapView.swift */; };
		95F47F902B77EC25008666AE /* PinModel.swift in Sources */ = {isa = PBXBuildFile; fileRef = 95F47F8F2B77EC25008666AE /* PinModel.swift */; };
		95F47F922B77EDA3008666AE /* ContentViewModel.swift in Sources */ = {isa = PBXBuildFile; fileRef = 95F47F912B77EDA3008666AE /* ContentViewModel.swift */; };
/* End PBXBuildFile section */

/* Begin PBXFileReference section */
		95F47F792B77E8B5008666AE /* C4C Demo.app */ = {isa = PBXFileReference; explicitFileType = wrapper.application; includeInIndex = 0; path = "C4C Demo.app"; sourceTree = BUILT_PRODUCTS_DIR; };
		95F47F7C2B77E8B5008666AE /* C4C_DemoApp.swift */ = {isa = PBXFileReference; lastKnownFileType = sourcecode.swift; path = C4C_DemoApp.swift; sourceTree = "<group>"; };
		95F47F7E2B77E8B5008666AE /* ContentView.swift */ = {isa = PBXFileReference; lastKnownFileType = sourcecode.swift; path = ContentView.swift; sourceTree = "<group>"; };
		95F47F802B77E8D9008666AE /* Assets.xcassets */ = {isa = PBXFileReference; lastKnownFileType = folder.assetcatalog; path = Assets.xcassets; sourceTree = "<group>"; };
		95F47F832B77E8D9008666AE /* Preview Assets.xcassets */ = {isa = PBXFileReference; lastKnownFileType = folder.assetcatalog; path = "Preview Assets.xcassets"; sourceTree = "<group>"; };
		95F47F8D2B77E9B9008666AE /* MapView.swift */ = {isa = PBXFileReference; lastKnownFileType = sourcecode.swift; path = MapView.swift; sourceTree = "<group>"; };
		95F47F8F2B77EC25008666AE /* PinModel.swift */ = {isa = PBXFileReference; lastKnownFileType = sourcecode.swift; path = PinModel.swift; sourceTree = "<group>"; };
		95F47F912B77EDA3008666AE /* ContentViewModel.swift */ = {isa = PBXFileReference; lastKnownFileType = sourcecode.swift; path = ContentViewModel.swift; sourceTree = "<group>"; };
/* End PBXFileReference section */

/* Begin PBXFrameworksBuildPhase section */
		95F47F762B77E8B5008666AE /* Frameworks */ = {
			isa = PBXFrameworksBuildPhase;
			buildActionMask = 2147483647;
			files = (
			);
			runOnlyForDeploymentPostprocessing = 0;
		};
/* End PBXFrameworksBuildPhase section */

/* Begin PBXGroup section */
		95F47F702B77E8B4008666AE = {
			isa = PBXGroup;
			children = (
				95F47F7B2B77E8B5008666AE /* C4C Demo */,
				95F47F7A2B77E8B5008666AE /* Products */,
			);
			sourceTree = "<group>";
		};
		95F47F7A2B77E8B5008666AE /* Products */ = {
			isa = PBXGroup;
			children = (
				95F47F792B77E8B5008666AE /* C4C Demo.app */,
			);
			name = Products;
			sourceTree = "<group>";
		};
		95F47F7B2B77E8B5008666AE /* C4C Demo */ = {
			isa = PBXGroup;
			children = (
				95F47F8C2B77E92B008666AE /* ViewModel */,
				95F47F8B2B77E91E008666AE /* Model */,
				95F47F8A2B77E913008666AE /* View */,
				95F47F7C2B77E8B5008666AE /* C4C_DemoApp.swift */,
				95F47F802B77E8D9008666AE /* Assets.xcassets */,
				95F47F822B77E8D9008666AE /* Preview Content */,
			);
			path = "C4C Demo";
			sourceTree = "<group>";
		};
		95F47F822B77E8D9008666AE /* Preview Content */ = {
			isa = PBXGroup;
			children = (
				95F47F832B77E8D9008666AE /* Preview Assets.xcassets */,
			);
			path = "Preview Content";
			sourceTree = "<group>";
		};
		95F47F8A2B77E913008666AE /* View */ = {
			isa = PBXGroup;
			children = (
				95F47F7E2B77E8B5008666AE /* ContentView.swift */,
				95F47F8D2B77E9B9008666AE /* MapView.swift */,
			);
			path = View;
			sourceTree = "<group>";
		};
		95F47F8B2B77E91E008666AE /* Model */ = {
			isa = PBXGroup;
			children = (
				95F47F8F2B77EC25008666AE /* PinModel.swift */,
			);
			path = Model;
			sourceTree = "<group>";
		};
		95F47F8C2B77E92B008666AE /* ViewModel */ = {
			isa = PBXGroup;
			children = (
				95F47F912B77EDA3008666AE /* ContentViewModel.swift */,
			);
			path = ViewModel;
			sourceTree = "<group>";
		};
/* End PBXGroup section */

/* Begin PBXNativeTarget section */
		95F47F782B77E8B5008666AE /* C4C Demo */ = {
			isa = PBXNativeTarget;
			buildConfigurationList = 95F47F872B77E8D9008666AE /* Build configuration list for PBXNativeTarget "C4C Demo" */;
			buildPhases = (
				95F47F752B77E8B5008666AE /* Sources */,
				95F47F762B77E8B5008666AE /* Frameworks */,
				95F47F772B77E8B5008666AE /* Resources */,
			);
			buildRules = (
			);
			dependencies = (
			);
			name = "C4C Demo";
			productName = "C4C Demo";
			productReference = 95F47F792B77E8B5008666AE /* C4C Demo.app */;
			productType = "com.apple.product-type.application";
		};
/* End PBXNativeTarget section */

/* Begin PBXProject section */
		95F47F712B77E8B4008666AE /* Project object */ = {
			isa = PBXProject;
			attributes = {
				BuildIndependentTargetsInParallel = 1;
				LastSwiftUpdateCheck = 1520;
				LastUpgradeCheck = 1520;
				TargetAttributes = {
					95F47F782B77E8B5008666AE = {
						CreatedOnToolsVersion = 15.2;
					};
				};
			};
			buildConfigurationList = 95F47F742B77E8B4008666AE /* Build configuration list for PBXProject "C4C Demo" */;
			compatibilityVersion = "Xcode 14.0";
			developmentRegion = en;
			hasScannedForEncodings = 0;
			knownRegions = (
				en,
				Base,
			);
			mainGroup = 95F47F702B77E8B4008666AE;
			productRefGroup = 95F47F7A2B77E8B5008666AE /* Products */;
			projectDirPath = "";
			projectRoot = "";
			targets = (
				95F47F782B77E8B5008666AE /* C4C Demo */,
			);
		};
/* End PBXProject section */

/* Begin PBXResourcesBuildPhase section */
		95F47F772B77E8B5008666AE /* Resources */ = {
			isa = PBXResourcesBuildPhase;
			buildActionMask = 2147483647;
			files = (
				95F47F842B77E8D9008666AE /* Preview Assets.xcassets in Resources */,
				95F47F812B77E8D9008666AE /* Assets.xcassets in Resources */,
			);
			runOnlyForDeploymentPostprocessing = 0;
		};
/* End PBXResourcesBuildPhase section */

/* Begin PBXSourcesBuildPhase section */
		95F47F752B77E8B5008666AE /* Sources */ = {
			isa = PBXSourcesBuildPhase;
			buildActionMask = 2147483647;
			files = (
				95F47F7F2B77E8B5008666AE /* ContentView.swift in Sources */,
				95F47F902B77EC25008666AE /* PinModel.swift in Sources */,
				95F47F8E2B77E9B9008666AE /* MapView.swift in Sources */,
				95F47F7D2B77E8B5008666AE /* C4C_DemoApp.swift in Sources */,
				95F47F922B77EDA3008666AE /* ContentViewModel.swift in Sources */,
			);
			runOnlyForDeploymentPostprocessing = 0;
		};
/* End PBXSourcesBuildPhase section */

/* Begin XCBuildConfiguration section */
		95F47F852B77E8D9008666AE /* Debug */ = {
			isa = XCBuildConfiguration;
			buildSettings = {
				ALWAYS_SEARCH_USER_PATHS = NO;
				ASSETCATALOG_COMPILER_GENERATE_SWIFT_ASSET_SYMBOL_EXTENSIONS = YES;
				CLANG_ANALYZER_NONNULL = YES;
				CLANG_ANALYZER_NUMBER_OBJECT_CONVERSION = YES_AGGRESSIVE;
				CLANG_CXX_LANGUAGE_STANDARD = "gnu++20";
				CLANG_ENABLE_MODULES = YES;
				CLANG_ENABLE_OBJC_ARC = YES;
				CLANG_ENABLE_OBJC_WEAK = YES;
				CLANG_WARN_BLOCK_CAPTURE_AUTORELEASING = YES;
				CLANG_WARN_BOOL_CONVERSION = YES;
				CLANG_WARN_COMMA = YES;
				CLANG_WARN_CONSTANT_CONVERSION = YES;
				CLANG_WARN_DEPRECATED_OBJC_IMPLEMENTATIONS = YES;
				CLANG_WARN_DIRECT_OBJC_ISA_USAGE = YES_ERROR;
				CLANG_WARN_DOCUMENTATION_COMMENTS = YES;
				CLANG_WARN_EMPTY_BODY = YES;
				CLANG_WARN_ENUM_CONVERSION = YES;
				CLANG_WARN_INFINITE_RECURSION = YES;
				CLANG_WARN_INT_CONVERSION = YES;
				CLANG_WARN_NON_LITERAL_NULL_CONVERSION = YES;
				CLANG_WARN_OBJC_IMPLICIT_RETAIN_SELF = YES;
				CLANG_WARN_OBJC_LITERAL_CONVERSION = YES;
				CLANG_WARN_OBJC_ROOT_CLASS = YES_ERROR;
				CLANG_WARN_QUOTED_INCLUDE_IN_FRAMEWORK_HEADER = YES;
				CLANG_WARN_RANGE_LOOP_ANALYSIS = YES;
				CLANG_WARN_STRICT_PROTOTYPES = YES;
				CLANG_WARN_SUSPICIOUS_MOVE = YES;
				CLANG_WARN_UNGUARDED_AVAILABILITY = YES_AGGRESSIVE;
				CLANG_WARN_UNREACHABLE_CODE = YES;
				CLANG_WARN__DUPLICATE_METHOD_MATCH = YES;
				COPY_PHASE_STRIP = NO;
				DEBUG_INFORMATION_FORMAT = dwarf;
				ENABLE_STRICT_OBJC_MSGSEND = YES;
				ENABLE_TESTABILITY = YES;
				ENABLE_USER_SCRIPT_SANDBOXING = YES;
				GCC_C_LANGUAGE_STANDARD = gnu17;
				GCC_DYNAMIC_NO_PIC = NO;
				GCC_NO_COMMON_BLOCKS = YES;
				GCC_OPTIMIZATION_LEVEL = 0;
				GCC_PREPROCESSOR_DEFINITIONS = (
					"DEBUG=1",
					"$(inherited)",
				);
				GCC_WARN_64_TO_32_BIT_CONVERSION = YES;
				GCC_WARN_ABOUT_RETURN_TYPE = YES_ERROR;
				GCC_WARN_UNDECLARED_SELECTOR = YES;
				GCC_WARN_UNINITIALIZED_AUTOS = YES_AGGRESSIVE;
				GCC_WARN_UNUSED_FUNCTION = YES;
				GCC_WARN_UNUSED_VARIABLE = YES;
				IPHONEOS_DEPLOYMENT_TARGET = 17.2;
				LOCALIZATION_PREFERS_STRING_CATALOGS = YES;
				MTL_ENABLE_DEBUG_INFO = INCLUDE_SOURCE;
				MTL_FAST_MATH = YES;
				ONLY_ACTIVE_ARCH = YES;
				SDKROOT = iphoneos;
				SWIFT_ACTIVE_COMPILATION_CONDITIONS = "DEBUG $(inherited)";
				SWIFT_OPTIMIZATION_LEVEL = "-Onone";
			};
			name = Debug;
		};
		95F47F862B77E8D9008666AE /* Release */ = {
			isa = XCBuildConfiguration;
			buildSettings = {
				ALWAYS_SEARCH_USER_PATHS = NO;
				ASSETCATALOG_COMPILER_GENERATE_SWIFT_ASSET_SYMBOL_EXTENSIONS = YES;
				CLANG_ANALYZER_NONNULL = YES;
				CLANG_ANALYZER_NUMBER_OBJECT_CONVERSION = YES_AGGRESSIVE;
				CLANG_CXX_LANGUAGE_STANDARD = "gnu++20";
				CLANG_ENABLE_MODULES = YES;
				CLANG_ENABLE_OBJC_ARC = YES;
				CLANG_ENABLE_OBJC_WEAK = YES;
				CLANG_WARN_BLOCK_CAPTURE_AUTORELEASING = YES;
				CLANG_WARN_BOOL_CONVERSION = YES;
				CLANG_WARN_COMMA = YES;
				CLANG_WARN_CONSTANT_CONVERSION = YES;
				CLANG_WARN_DEPRECATED_OBJC_IMPLEMENTATIONS = YES;
				CLANG_WARN_DIRECT_OBJC_ISA_USAGE = YES_ERROR;
				CLANG_WARN_DOCUMENTATION_COMMENTS = YES;
				CLANG_WARN_EMPTY_BODY = YES;
				CLANG_WARN_ENUM_CONVERSION = YES;
				CLANG_WARN_INFINITE_RECURSION = YES;
				CLANG_WARN_INT_CONVERSION = YES;
				CLANG_WARN_NON_LITERAL_NULL_CONVERSION = YES;
				CLANG_WARN_OBJC_IMPLICIT_RETAIN_SELF = YES;
				CLANG_WARN_OBJC_LITERAL_CONVERSION = YES;
				CLANG_WARN_OBJC_ROOT_CLASS = YES_ERROR;
				CLANG_WARN_QUOTED_INCLUDE_IN_FRAMEWORK_HEADER = YES;
				CLANG_WARN_RANGE_LOOP_ANALYSIS = YES;
				CLANG_WARN_STRICT_PROTOTYPES = YES;
				CLANG_WARN_SUSPICIOUS_MOVE = YES;
				CLANG_WARN_UNGUARDED_AVAILABILITY = YES_AGGRESSIVE;
				CLANG_WARN_UNREACHABLE_CODE = YES;
				CLANG_WARN__DUPLICATE_METHOD_MATCH = YES;
				COPY_PHASE_STRIP = NO;
				DEBUG_INFORMATION_FORMAT = "dwarf-with-dsym";
				ENABLE_NS_ASSERTIONS = NO;
				ENABLE_STRICT_OBJC_MSGSEND = YES;
				ENABLE_USER_SCRIPT_SANDBOXING = YES;
				GCC_C_LANGUAGE_STANDARD = gnu17;
				GCC_NO_COMMON_BLOCKS = YES;
				GCC_WARN_64_TO_32_BIT_CONVERSION = YES;
				GCC_WARN_ABOUT_RETURN_TYPE = YES_ERROR;
				GCC_WARN_UNDECLARED_SELECTOR = YES;
				GCC_WARN_UNINITIALIZED_AUTOS = YES_AGGRESSIVE;
				GCC_WARN_UNUSED_FUNCTION = YES;
				GCC_WARN_UNUSED_VARIABLE = YES;
				IPHONEOS_DEPLOYMENT_TARGET = 17.2;
				LOCALIZATION_PREFERS_STRING_CATALOGS = YES;
				MTL_ENABLE_DEBUG_INFO = NO;
				MTL_FAST_MATH = YES;
				SDKROOT = iphoneos;
				SWIFT_COMPILATION_MODE = wholemodule;
				VALIDATE_PRODUCT = YES;
			};
			name = Release;
		};
		95F47F882B77E8D9008666AE /* Debug */ = {
			isa = XCBuildConfiguration;
			buildSettings = {
				ASSETCATALOG_COMPILER_APPICON_NAME = AppIcon;
				ASSETCATALOG_COMPILER_GLOBAL_ACCENT_COLOR_NAME = AccentColor;
				CODE_SIGN_STYLE = Automatic;
				CURRENT_PROJECT_VERSION = 1;
				DEVELOPMENT_ASSET_PATHS = "\"C4C Demo/Preview Content\"";
				DEVELOPMENT_TEAM = 4KV2SNV228;
				ENABLE_PREVIEWS = YES;
				GENERATE_INFOPLIST_FILE = YES;
				INFOPLIST_KEY_UIApplicationSceneManifest_Generation = YES;
				INFOPLIST_KEY_UIApplicationSupportsIndirectInputEvents = YES;
				INFOPLIST_KEY_UILaunchScreen_Generation = YES;
				INFOPLIST_KEY_UISupportedInterfaceOrientations_iPad = "UIInterfaceOrientationPortrait UIInterfaceOrientationPortraitUpsideDown UIInterfaceOrientationLandscapeLeft UIInterfaceOrientationLandscapeRight";
				INFOPLIST_KEY_UISupportedInterfaceOrientations_iPhone = "UIInterfaceOrientationPortrait UIInterfaceOrientationLandscapeLeft UIInterfaceOrientationLandscapeRight";
				LD_RUNPATH_SEARCH_PATHS = (
					"$(inherited)",
					"@executable_path/Frameworks",
				);
				MARKETING_VERSION = 1.0;
				PRODUCT_BUNDLE_IDENTIFIER = "Daniel-Parra.C4C-Demo";
				PRODUCT_NAME = "$(TARGET_NAME)";
				SWIFT_EMIT_LOC_STRINGS = YES;
				SWIFT_VERSION = 5.0;
				TARGETED_DEVICE_FAMILY = "1,2";
			};
			name = Debug;
		};
		95F47F892B77E8D9008666AE /* Release */ = {
			isa = XCBuildConfiguration;
			buildSettings = {
				ASSETCATALOG_COMPILER_APPICON_NAME = AppIcon;
				ASSETCATALOG_COMPILER_GLOBAL_ACCENT_COLOR_NAME = AccentColor;
				CODE_SIGN_STYLE = Automatic;
				CURRENT_PROJECT_VERSION = 1;
				DEVELOPMENT_ASSET_PATHS = "\"C4C Demo/Preview Content\"";
				DEVELOPMENT_TEAM = 4KV2SNV228;
				ENABLE_PREVIEWS = YES;
				GENERATE_INFOPLIST_FILE = YES;
				INFOPLIST_KEY_UIApplicationSceneManifest_Generation = YES;
				INFOPLIST_KEY_UIApplicationSupportsIndirectInputEvents = YES;
				INFOPLIST_KEY_UILaunchScreen_Generation = YES;
				INFOPLIST_KEY_UISupportedInterfaceOrientations_iPad = "UIInterfaceOrientationPortrait UIInterfaceOrientationPortraitUpsideDown UIInterfaceOrientationLandscapeLeft UIInterfaceOrientationLandscapeRight";
				INFOPLIST_KEY_UISupportedInterfaceOrientations_iPhone = "UIInterfaceOrientationPortrait UIInterfaceOrientationLandscapeLeft UIInterfaceOrientationLandscapeRight";
				LD_RUNPATH_SEARCH_PATHS = (
					"$(inherited)",
					"@executable_path/Frameworks",
				);
				MARKETING_VERSION = 1.0;
				PRODUCT_BUNDLE_IDENTIFIER = "Daniel-Parra.C4C-Demo";
				PRODUCT_NAME = "$(TARGET_NAME)";
				SWIFT_EMIT_LOC_STRINGS = YES;
				SWIFT_VERSION = 5.0;
				TARGETED_DEVICE_FAMILY = "1,2";
			};
			name = Release;
		};
/* End XCBuildConfiguration section */

/* Begin XCConfigurationList section */
		95F47F742B77E8B4008666AE /* Build configuration list for PBXProject "C4C Demo" */ = {
			isa = XCConfigurationList;
			buildConfigurations = (
				95F47F852B77E8D9008666AE /* Debug */,
				95F47F862B77E8D9008666AE /* Release */,
			);
			defaultConfigurationIsVisible = 0;
			defaultConfigurationName = Release;
		};
		95F47F872B77E8D9008666AE /* Build configuration list for PBXNativeTarget "C4C Demo" */ = {
			isa = XCConfigurationList;
			buildConfigurations = (
				95F47F882B77E8D9008666AE /* Debug */,
				95F47F892B77E8D9008666AE /* Release */,
			);
			defaultConfigurationIsVisible = 0;
			defaultConfigurationName = Release;
		};
/* End XCConfigurationList section */
	};
	rootObject = 95F47F712B77E8B4008666AE /* Project object */;
}
